
Microsoft Visual Studio Solution File, Format Version 12.00
# Visual Studio Version 16
VisualStudioVersion = 16.0.36602.28
MinimumVisualStudioVersion = 10.0.40219.1
Project("{8BC9CEB8-8B4A-11D0-8D11-00A0C91BC942}") = "Example 2", "Example 2\Example 2.vcxproj", "{849D16E7-3DDD-4B6A-ADE8-6B4880D8E79B}"
EndProject
Global
	GlobalSection(SolutionConfigurationPlatforms) = preSolution
		Debug|x64 = Debug|x64
		Debug|x86 = Debug|x86
		Release|x64 = Release|x64
		Release|x86 = Release|x86
	EndGlobalSection
	GlobalSection(ProjectConfigurationPlatforms) = postSolution
		{849D16E7-3DDD-4B6A-ADE8-6B4880D8E79B}.Debug|x64.ActiveCfg = Debug|x64
		{849D16E7-3DDD-4B6A-ADE8-6B4880D8E79B}.Debug|x64.Build.0 = Debug|x64
		{849D16E7-3DDD-4B6A-ADE8-6B4880D8E79B}.Debug|x86.ActiveCfg = Debug|Win32
		{849D16E7-3DDD-4B6A-ADE8-6B4880D8E79B}.Debug|x86.Build.0 = Debug|Win32
		{849D16E7-3DDD-4B6A-ADE8-6B4880D8E79B}.Release|x64.ActiveCfg = Release|x64
		{849D16E7-3DDD-4B6A-ADE8-6B4880D8E79B}.Release|x64.Build.0 = Release|x64
		{849D16E7-3DDD-4B6A-ADE8-6B4880D8E79B}.Release|x86.ActiveCfg = Release|Win32
		{849D16E7-3DDD-4B6A-ADE8-6B4880D8E79B}.Release|x86.Build.0 = Release|Win32
	EndGlobalSection
	GlobalSection(SolutionProperties) = preSolution
		HideSolutionNode = FALSE
	EndGlobalSection
	GlobalSection(ExtensibilityGlobals) = postSolution
		SolutionGuid = {3B314EFB-6AB1-4445-94A9-1767AE20729F}
	EndGlobalSection
EndGlobal
