
Microsoft Visual Studio Solution File, Format Version 12.00
# Visual Studio Version 16
VisualStudioVersion = 16.0.36602.28
MinimumVisualStudioVersion = 10.0.40219.1
Project("{8BC9CEB8-8B4A-11D0-8D11-00A0C91BC942}") = "Assignment 3.2", "Assignment 3.2\Assignment 3.2.vcxproj", "{0D49CAB0-8637-4B17-83FE-25F24D9E249C}"
EndProject
Global
	GlobalSection(SolutionConfigurationPlatforms) = preSolution
		Debug|x64 = Debug|x64
		Debug|x86 = Debug|x86
		Release|x64 = Release|x64
		Release|x86 = Release|x86
	EndGlobalSection
	GlobalSection(ProjectConfigurationPlatforms) = postSolution
		{0D49CAB0-8637-4B17-83FE-25F24D9E249C}.Debug|x64.ActiveCfg = Debug|x64
		{0D49CAB0-8637-4B17-83FE-25F24D9E249C}.Debug|x64.Build.0 = Debug|x64
		{0D49CAB0-8637-4B17-83FE-25F24D9E249C}.Debug|x86.ActiveCfg = Debug|Win32
		{0D49CAB0-8637-4B17-83FE-25F24D9E249C}.Debug|x86.Build.0 = Debug|Win32
		{0D49CAB0-8637-4B17-83FE-25F24D9E249C}.Release|x64.ActiveCfg = Release|x64
		{0D49CAB0-8637-4B17-83FE-25F24D9E249C}.Release|x64.Build.0 = Release|x64
		{0D49CAB0-8637-4B17-83FE-25F24D9E249C}.Release|x86.ActiveCfg = Release|Win32
		{0D49CAB0-8637-4B17-83FE-25F24D9E249C}.Release|x86.Build.0 = Release|Win32
	EndGlobalSection
	GlobalSection(SolutionProperties) = preSolution
		HideSolutionNode = FALSE
	EndGlobalSection
	GlobalSection(ExtensibilityGlobals) = postSolution
		SolutionGuid = {B0E64185-6D19-48BD-98BA-4E89281B7CFB}
	EndGlobalSection
EndGlobal
